{
    "_meta": {
        "hash": {
            "sha256": "c47a603fb4656be7c505d8b8797c43ee1c19386337961681e1bfa26d4c594d68"
        },
        "pipfile-spec": 6,
        "requires": {
            "python_version": "3.12"
        },
        "sources": [
            {
                "name": "pypi",
                "url": "https://pypi.org/simple",
                "verify_ssl": true
            }
        ]
    },
    "default": {
        "antlr4-python3-runtime": {
            "hashes": [
                "sha256:3cd282f5ea7cfb841537fe01f143350fdb1c0b1ce7981443a2fa8513fddb6d1a",
                "sha256:78ec57aad12c97ac039ca27403ad61cb98aaec8a3f9bb8144f889aa0fa28b943"
            ],
            "index": "pypi",
            "version": "==4.13.1"
        },
        "antlr4-tools": {
            "hashes": [
                "sha256:71bfe6d5f856cbf69e69c4ad1750eb8f2c84e72b07780efabced6a8e5194f2e4",
                "sha256:eabad95c7d6b2e15b9875f630e6695395f90ed557721aeef7844d5821ac1ca6a"
            ],
            "index": "pypi",
            "version": "==0.2.1"
        },
        "install-jdk": {
            "hashes": [
                "sha256:2bfd53caf660e4916df0215a5715519dcb9547fa2a5f07421fd97a8046851eaa",
                "sha256:b63f0fcd63f7abab3443d4120ba92716397753b8a8ea3c85762a629925a9936e"
            ],
            "markers": "python_version >= '3.6' and python_version < '4.0'",
            "version": "==1.1.0"
        }
    },
    "develop": {}
}
